{
  "lockfile-version": 1,
  "manifest": {
    "schema-version": "1.15.0",
    "install": {
      "adl": {
        "flake": "github:inference-gateway/adl-cli/v0.62.9"
      },
      "claude-code": {
        "pkg-path": "claude-code",
        "pkg-group": "common",
        "version": "^2.1.201"
      },
      "docker": {
        "pkg-path": "docker",
        "pkg-group": "common",
        "version": "^29.5.1"
      },
      "git": {
        "pkg-path": "git",
        "pkg-group": "common",
        "version": "^2.53.0"
      },
      "go": {
        "pkg-path": "go",
        "version": "1.26.7"
      },
      "go-task": {
        "pkg-path": "go-task",
        "pkg-group": "common",
        "version": "^3.48.0"
      },
      "golangci-lint": {
        "pkg-path": "golangci-lint",
        "pkg-group": "common",
        "version": "^2.12.2"
      },
      "infer": {
        "flake": "github:inference-gateway/cli/v0.154.0"
      }
    },
    "hook": {
      "on-activate": "  echo \"🌟 Welcome to documentation-agent development environment!\"\n  echo \"Go version: $(go version)\"\n"
    },
    "options": {}
  },
  "packages": [
    {
      "attr_path": "claude-code",
      "broken": false,
      "derivation": "/nix/store/n1lgqcdgazzb39wknhn4l88v3skjww77-claude-code-2.1.245.drv",
      "description": "Agentic coding tool that lives in your terminal, understands your codebase, and helps you code faster",
      "install_id": "claude-code",
      "license": "Unfree",
      "locked_url": "https://github.com/flox/nixpkgs?rev=34ab99075ac4f7e40cf037eef32cb1c360bb85e9",
      "name": "claude-code-2.1.245",
      "pname": "claude-code",
      "rev": "34ab99075ac4f7e40cf037eef32cb1c360bb85e9",
      "rev_count": 1064949,
      "rev_date": "2026-08-31T12:23:27Z",
      "scrape_date": "2026-09-01T04:57:40.238535Z",
      "stabilities": [
        "unstable"
      ],
      "unfree": true,
      "version": "2.1.245",
      "outputs_to_install": [
        "out"
      ],
      "outputs": {
        "out": "/nix/store/bx59a90qzpvyapbyz4hwks81xsfw025s-claude-code-2.1.245"
      },
      "system": "aarch64-darwin",
      "group": "common",
      "priority": 5
    },
    {
      "attr_path": "claude-code",
      "broken": false,
      "derivation": "/nix/store/jk2cbws779imgjzjmhci5fnmq3bqa7zr-claude-code-2.1.245.drv",
      "description": "Agentic coding tool that lives in your terminal, understands your codebase, and helps you code faster",
      "install_id": "claude-code",
      "license": "Unfree",
      "locked_url": "https://github.com/flox/nixpkgs?rev=34ab99075ac4f7e40cf037eef32cb1c360bb85e9",
      "name": "claude-code-2.1.245",
      "pname": "claude-code",
      "rev": "34ab99075ac4f7e40cf037eef32cb1c360bb85e9",
      "rev_count": 1064949,
      "rev_date": "2026-08-31T12:23:27Z",
      "scrape_date": "2026-09-01T05:29:15.601663Z",
      "stabilities": [
        "unstable"
      ],
      "unfree": true,
      "version": "2.1.245",
      "outputs_to_install": [
        "out"
      ],
      "outputs": {
        "out": "/nix/store/z9ispy7d612d2kpp7nrhj3v7pddzp3np-claude-code-2.1.245"
      },
      "system": "aarch64-linux",
      "group": "common",
      "priority": 5
    },
    {
      "attr_path": "claude-code",
      "broken": false,
      "derivation": "/nix/store/cwgj6qx0pr1ag13i1l2n4ml1qakxc3qq-claude-code-2.1.245.drv",
      "description": "Agentic coding tool that lives in your terminal, understands your codebase, and helps you code faster",
      "install_id": "claude-code",
      "license": "Unfree",
      "locked_url": "https://github.com/flox/nixpkgs?rev=34ab99075ac4f7e40cf037eef32cb1c360bb85e9",
      "name": "claude-code-2.1.245",
      "pname": "claude-code",
      "rev": "34ab99075ac4f7e40cf037eef32cb1c360bb85e9",
      "rev_count": 1064949,
      "rev_date": "2026-08-31T12:23:27Z",
      "scrape_date": "2026-09-01T06:06:01.474851Z",
      "stabilities": [
        "unstable"
      ],
      "unfree": true,
      "version": "2.1.245",
      "outputs_to_install": [
        "out"
      ],
      "outputs": {
        "out": "/nix/store/k4z7dn65na1gngrpcs8l79vr2pv504dx-claude-code-2.1.245"
      },
      "system": "x86_64-linux",
      "group": "common",
      "priority": 5
    },
    {
      "attr_path": "docker",
      "broken": false,
      "derivation": "/nix/store/jmczscwcbp38zi9512aw2557w0rj24bl-docker-29.7.2.drv",
      "description": "Open source project to pack, ship and run any application as a lightweight container",
      "install_id": "docker",
      "license": "Apache-2.0",
      "locked_url": "https://github.com/flox/nixpkgs?rev=34ab99075ac4f7e40cf037eef32cb1c360bb85e9",
      "name": "docker-29.7.2",
      "pname": "docker",
      "rev": "34ab99075ac4f7e40cf037eef32cb1c360bb85e9",
      "rev_count": 1064949,
      "rev_date": "2026-08-31T12:23:27Z",
      "scrape_date": "2026-09-01T04:57:40.552451Z",
      "stabilities": [
        "unstable"
      ],
      "unfree": false,
      "version": "29.7.2",
      "outputs_to_install": [
        "out"
      ],
      "outputs": {
        "out": "/nix/store/ygwlf2n1v665q3y9qfhr3ah2f73p6vg3-docker-29.7.2"
      },
      "system": "aarch64-darwin",
      "group": "common",
      "priority": 5
    },
    {
      "attr_path": "docker",
      "broken": false,
      "derivation": "/nix/store/jd43akl69na8r9da59dq8qa1bxslmirl-docker-29.7.2.drv",
      "description": "Open source project to pack, ship and run any application as a lightweight container",
      "install_id": "docker",
      "license": "Apache-2.0",
      "locked_url": "https://github.com/flox/nixpkgs?rev=34ab99075ac4f7e40cf037eef32cb1c360bb85e9",
      "name": "docker-29.7.2",
      "pname": "docker",
      "rev": "34ab99075ac4f7e40cf037eef32cb1c360bb85e9",
      "rev_count": 1064949,
      "rev_date": "2026-08-31T12:23:27Z",
      "scrape_date": "2026-09-01T05:29:16.077462Z",
      "stabilities": [
        "unstable"
      ],
      "unfree": false,
      "version": "29.7.2",
      "outputs_to_install": [
        "out"
      ],
      "outputs": {
        "out": "/nix/store/3pwrbvvny0m22c3bgczix935yjb2fp68-docker-29.7.2"
      },
      "system": "aarch64-linux",
      "group": "common",
      "priority": 5
    },
    {
      "attr_path": "docker",
      "broken": false,
      "derivation": "/nix/store/nzrkm9k3npy9v6fbiksfws6ffg6ydn1p-docker-29.7.2.drv",
      "description": "Open source project to pack, ship and run any application as a lightweight container",
      "install_id": "docker",
      "license": "Apache-2.0",
      "locked_url": "https://github.com/flox/nixpkgs?rev=34ab99075ac4f7e40cf037eef32cb1c360bb85e9",
      "name": "docker-29.7.2",
      "pname": "docker",
      "rev": "34ab99075ac4f7e40cf037eef32cb1c360bb85e9",
      "rev_count": 1064949,
      "rev_date": "2026-08-31T12:23:27Z",
      "scrape_date": "2026-09-01T06:06:01.964910Z",
      "stabilities": [
        "unstable"
      ],
      "unfree": false,
      "version": "29.7.2",
      "outputs_to_install": [
        "out"
      ],
      "outputs": {
        "out": "/nix/store/dalhqdwy9g3nq3420nbl7z601jnaiavl-docker-29.7.2"
      },
      "system": "x86_64-linux",
      "group": "common",
      "priority": 5
    },
    {
      "attr_path": "git",
      "broken": false,
      "derivation": "/nix/store/6y4pn4zmy2cafs0wgg9jh76ydmzkqq2c-git-2.55.0.drv",
      "description": "Distributed version control system",
      "install_id": "git",
      "license": "GPL-2.0",
      "locked_url": "https://github.com/flox/nixpkgs?rev=34ab99075ac4f7e40cf037eef32cb1c360bb85e9",
      "name": "git-2.55.0",
      "pname": "git",
      "rev": "34ab99075ac4f7e40cf037eef32cb1c360bb85e9",
      "rev_count": 1064949,
      "rev_date": "2026-08-31T12:23:27Z",
      "scrape_date": "2026-09-01T04:57:41.183804Z",
      "stabilities": [
        "unstable"
      ],
      "unfree": false,
      "version": "2.55.0",
      "outputs_to_install": [
        "out"
      ],
      "outputs": {
        "doc": "/nix/store/i8y217wsan9w8l62m7w2a0rrnmviaqqk-git-2.55.0-doc",
        "out": "/nix/store/yqw09igi72yxpgy3d1b25vbh5l8rx227-git-2.55.0"
      },
      "system": "aarch64-darwin",
      "group": "common",
      "priority": 5
    },
    {
      "attr_path": "git",
      "broken": false,
      "derivation": "/nix/store/9cr7f3maf18igwnv314m3vgh7ay93wbd-git-2.55.0.drv",
      "description": "Distributed version control system",
      "install_id": "git",
      "license": "GPL-2.0",
      "locked_url": "https://github.com/flox/nixpkgs?rev=34ab99075ac4f7e40cf037eef32cb1c360bb85e9",
      "name": "git-2.55.0",
      "pname": "git",
      "rev": "34ab99075ac4f7e40cf037eef32cb1c360bb85e9",
      "rev_count": 1064949,
      "rev_date": "2026-08-31T12:23:27Z",
      "scrape_date": "2026-09-01T05:29:17.038923Z",
      "stabilities": [
        "unstable"
      ],
      "unfree": false,
      "version": "2.55.0",
      "outputs_to_install": [
        "out"
      ],
      "outputs": {
        "debug": "/nix/store/1asxbx6r55sylz2ljdzk6404i0w28iri-git-2.55.0-debug",
        "doc": "/nix/store/ryn8xbxi2i1d2dharz9r7kb2ymqfgkyw-git-2.55.0-doc",
        "out": "/nix/store/clxhwm4v3gl0k3hazm0zpx14gz2w0clz-git-2.55.0"
      },
      "system": "aarch64-linux",
      "group": "common",
      "priority": 5
    },
    {
      "attr_path": "git",
      "broken": false,
      "derivation": "/nix/store/w1rqkj3sd9z542x1zv474rkh1186ysxm-git-2.55.0.drv",
      "description": "Distributed version control system",
      "install_id": "git",
      "license": "GPL-2.0",
      "locked_url": "https://github.com/flox/nixpkgs?rev=34ab99075ac4f7e40cf037eef32cb1c360bb85e9",
      "name": "git-2.55.0",
      "pname": "git",
      "rev": "34ab99075ac4f7e40cf037eef32cb1c360bb85e9",
      "rev_count": 1064949,
      "rev_date": "2026-08-31T12:23:27Z",
      "scrape_date": "2026-09-01T06:06:03.105655Z",
      "stabilities": [
        "unstable"
      ],
      "unfree": false,
      "version": "2.55.0",
      "outputs_to_install": [
        "out"
      ],
      "outputs": {
        "debug": "/nix/store/xf0wk67lvyxg1bkwi2rf6iszxlvj0yxj-git-2.55.0-debug",
        "doc": "/nix/store/yvx5ayi3k6gh8xgk9yxc9gpy0jb7f14l-git-2.55.0-doc",
        "out": "/nix/store/8yjpgadavqdwphcd2kw4dfvxmgdp5sb3-git-2.55.0"
      },
      "system": "x86_64-linux",
      "group": "common",
      "priority": 5
    },
    {
      "attr_path": "go-task",
      "broken": false,
      "derivation": "/nix/store/6lifhbkq5k5y07q7pl0945wrrpypi0wv-go-task-3.53.1.drv",
      "description": "Task runner / simpler Make alternative written in Go",
      "install_id": "go-task",
      "license": "MIT",
      "locked_url": "https://github.com/flox/nixpkgs?rev=34ab99075ac4f7e40cf037eef32cb1c360bb85e9",
      "name": "go-task-3.53.1",
      "pname": "go-task",
      "rev": "34ab99075ac4f7e40cf037eef32cb1c360bb85e9",
      "rev_count": 1064949,
      "rev_date": "2026-08-31T12:23:27Z",
      "scrape_date": "2026-09-01T04:57:41.365027Z",
      "stabilities": [
        "unstable"
      ],
      "unfree": false,
      "version": "3.53.1",
      "outputs_to_install": [
        "out"
      ],
      "outputs": {
        "out": "/nix/store/2cp94m0qgih229db2yg2x30rwzrwdamk-go-task-3.53.1"
      },
      "system": "aarch64-darwin",
      "group": "common",
      "priority": 5
    },
    {
      "attr_path": "go-task",
      "broken": false,
      "derivation": "/nix/store/vygxrrfkl5rc201mr9vxzvxb3092yx30-go-task-3.53.1.drv",
      "description": "Task runner / simpler Make alternative written in Go",
      "install_id": "go-task",
      "license": "MIT",
      "locked_url": "https://github.com/flox/nixpkgs?rev=34ab99075ac4f7e40cf037eef32cb1c360bb85e9",
      "name": "go-task-3.53.1",
      "pname": "go-task",
      "rev": "34ab99075ac4f7e40cf037eef32cb1c360bb85e9",
      "rev_count": 1064949,
      "rev_date": "2026-08-31T12:23:27Z",
      "scrape_date": "2026-09-01T05:29:17.882032Z",
      "stabilities": [
        "unstable"
      ],
      "unfree": false,
      "version": "3.53.1",
      "outputs_to_install": [
        "out"
      ],
      "outputs": {
        "out": "/nix/store/5wxmmkjhivk4lrx09acasbyffya5q640-go-task-3.53.1"
      },
      "system": "aarch64-linux",
      "group": "common",
      "priority": 5
    },
    {
      "attr_path": "go-task",
      "broken": false,
      "derivation": "/nix/store/qs9lfl8yp18bhb6s0rx2wmlk34x03mih-go-task-3.53.1.drv",
      "description": "Task runner / simpler Make alternative written in Go",
      "install_id": "go-task",
      "license": "MIT",
      "locked_url": "https://github.com/flox/nixpkgs?rev=34ab99075ac4f7e40cf037eef32cb1c360bb85e9",
      "name": "go-task-3.53.1",
      "pname": "go-task",
      "rev": "34ab99075ac4f7e40cf037eef32cb1c360bb85e9",
      "rev_count": 1064949,
      "rev_date": "2026-08-31T12:23:27Z",
      "scrape_date": "2026-09-01T06:06:04.029930Z",
      "stabilities": [
        "unstable"
      ],
      "unfree": false,
      "version": "3.53.1",
      "outputs_to_install": [
        "out"
      ],
      "outputs": {
        "out": "/nix/store/bvzzl57kpmvzb6aj0v0yc45gvw8ggf2a-go-task-3.53.1"
      },
      "system": "x86_64-linux",
      "group": "common",
      "priority": 5
    },
    {
      "attr_path": "golangci-lint",
      "broken": false,
      "derivation": "/nix/store/j9672bwvahxyimw39qd3kjfg9p84099k-golangci-lint-2.13.1.drv",
      "description": "Fast linters Runner for Go",
      "install_id": "golangci-lint",
      "license": "GPL-3.0-or-later",
      "locked_url": "https://github.com/flox/nixpkgs?rev=34ab99075ac4f7e40cf037eef32cb1c360bb85e9",
      "name": "golangci-lint-2.13.1",
      "pname": "golangci-lint",
      "rev": "34ab99075ac4f7e40cf037eef32cb1c360bb85e9",
      "rev_count": 1064949,
      "rev_date": "2026-08-31T12:23:27Z",
      "scrape_date": "2026-09-01T04:57:41.410431Z",
      "stabilities": [
        "unstable"
      ],
      "unfree": false,
      "version": "2.13.1",
      "outputs_to_install": [
        "out"
      ],
      "outputs": {
        "out": "/nix/store/vyl94dsc8a2vfpx0h9hs3ls3w9hfcyfa-golangci-lint-2.13.1"
      },
      "system": "aarch64-darwin",
      "group": "common",
      "priority": 5
    },
    {
      "attr_path": "golangci-lint",
      "broken": false,
      "derivation": "/nix/store/3c7pfrjz093cqvbjkd3kjg49wf87x0cw-golangci-lint-2.13.1.drv",
      "description": "Fast linters Runner for Go",
      "install_id": "golangci-lint",
      "license": "GPL-3.0-or-later",
      "locked_url": "https://github.com/flox/nixpkgs?rev=34ab99075ac4f7e40cf037eef32cb1c360bb85e9",
      "name": "golangci-lint-2.13.1",
      "pname": "golangci-lint",
      "rev": "34ab99075ac4f7e40cf037eef32cb1c360bb85e9",
      "rev_count": 1064949,
      "rev_date": "2026-08-31T12:23:27Z",
      "scrape_date": "2026-09-01T05:29:17.953771Z",
      "stabilities": [
        "unstable"
      ],
      "unfree": false,
      "version": "2.13.1",
      "outputs_to_install": [
        "out"
      ],
      "outputs": {
        "out": "/nix/store/zg1nnbiiaiq65v0h4b22hqlqpqa8ja0j-golangci-lint-2.13.1"
      },
      "system": "aarch64-linux",
      "group": "common",
      "priority": 5
    },
    {
      "attr_path": "golangci-lint",
      "broken": false,
      "derivation": "/nix/store/rpr5764szqpxq2dbrrg5gavxq23902wy-golangci-lint-2.13.1.drv",
      "description": "Fast linters Runner for Go",
      "install_id": "golangci-lint",
      "license": "GPL-3.0-or-later",
      "locked_url": "https://github.com/flox/nixpkgs?rev=34ab99075ac4f7e40cf037eef32cb1c360bb85e9",
      "name": "golangci-lint-2.13.1",
      "pname": "golangci-lint",
      "rev": "34ab99075ac4f7e40cf037eef32cb1c360bb85e9",
      "rev_count": 1064949,
      "rev_date": "2026-08-31T12:23:27Z",
      "scrape_date": "2026-09-01T06:06:04.109456Z",
      "stabilities": [
        "unstable"
      ],
      "unfree": false,
      "version": "2.13.1",
      "outputs_to_install": [
        "out"
      ],
      "outputs": {
        "out": "/nix/store/sqm80s7p5kx9j4ia19rw3jy41ajx1v73-golangci-lint-2.13.1"
      },
      "system": "x86_64-linux",
      "group": "common",
      "priority": 5
    },
    {
      "attr_path": "go",
      "broken": false,
      "derivation": "/nix/store/w6w7pzbrnk1j01afyzxjhiwirql5lq6m-go-1.26.7.drv",
      "description": "Go Programming language",
      "install_id": "go",
      "license": "BSD-3-Clause",
      "locked_url": "https://github.com/flox/nixpkgs?rev=3ed67ec0a4d3c7ab4ae1f04f8ee8df07bfa506a2",
      "name": "go-1.26.7",
      "pname": "go",
      "rev": "3ed67ec0a4d3c7ab4ae1f04f8ee8df07bfa506a2",
      "rev_count": 1066106,
      "rev_date": "2026-09-02T02:38:36Z",
      "scrape_date": "2026-09-04T04:57:32.337809Z",
      "stabilities": [
        "unstable"
      ],
      "unfree": false,
      "version": "1.26.7",
      "outputs_to_install": [
        "out"
      ],
      "outputs": {
        "out": "/nix/store/jdgrfinlrf89z3wdfa6ipr1chpny5v11-go-1.26.7"
      },
      "system": "aarch64-darwin",
      "group": "toplevel",
      "priority": 5
    },
    {
      "attr_path": "go",
      "broken": false,
      "derivation": "/nix/store/0ki6ha0r6iqi6wkzqxjam67pbdzpsfr4-go-1.26.7.drv",
      "description": "Go Programming language",
      "install_id": "go",
      "license": "BSD-3-Clause",
      "locked_url": "https://github.com/flox/nixpkgs?rev=3ed67ec0a4d3c7ab4ae1f04f8ee8df07bfa506a2",
      "name": "go-1.26.7",
      "pname": "go",
      "rev": "3ed67ec0a4d3c7ab4ae1f04f8ee8df07bfa506a2",
      "rev_count": 1066106,
      "rev_date": "2026-09-02T02:38:36Z",
      "scrape_date": "2026-09-04T05:29:13.579885Z",
      "stabilities": [
        "unstable"
      ],
      "unfree": false,
      "version": "1.26.7",
      "outputs_to_install": [
        "out"
      ],
      "outputs": {
        "out": "/nix/store/zbm0p3qbd92i7gj78rxajka9yvdrin7p-go-1.26.7"
      },
      "system": "aarch64-linux",
      "group": "toplevel",
      "priority": 5
    },
    {
      "attr_path": "go",
      "broken": false,
      "derivation": "/nix/store/ra2z8ff739aawml2iirfz76g7gxv9i8g-go-1.26.7.drv",
      "description": "Go Programming language",
      "install_id": "go",
      "license": "BSD-3-Clause",
      "locked_url": "https://github.com/flox/nixpkgs?rev=3ed67ec0a4d3c7ab4ae1f04f8ee8df07bfa506a2",
      "name": "go-1.26.7",
      "pname": "go",
      "rev": "3ed67ec0a4d3c7ab4ae1f04f8ee8df07bfa506a2",
      "rev_count": 1066106,
      "rev_date": "2026-09-02T02:38:36Z",
      "scrape_date": "2026-09-04T06:05:43.806198Z",
      "stabilities": [
        "unstable"
      ],
      "unfree": false,
      "version": "1.26.7",
      "outputs_to_install": [
        "out"
      ],
      "outputs": {
        "out": "/nix/store/i77g9dmcd399rmxk8688qfr4g2wzgk37-go-1.26.7"
      },
      "system": "x86_64-linux",
      "group": "toplevel",
      "priority": 5
    },
    {
      "install_id": "infer",
      "locked-url": "github:inference-gateway/cli/ecfb36c957f8cdf7488b5fea7994ffb262fa80a1?narHash=sha256-YLezqMOhcgriR6sKYanEJGyuSjHX8aIMVzD9CxTCmaU%3D",
      "flake-description": "Inference Gateway CLI - infer",
      "locked-flake-attr-path": "packages.aarch64-darwin.default",
      "derivation": "/nix/store/v4j8rr64blhbcbkib9ch2w6dqszzcqyd-infer-0.154.0.drv",
      "outputs": {
        "out": "/nix/store/zkf8maq86fz7qc3qw94jyfjjyw0qbv9x-infer-0.154.0"
      },
      "output-names": [
        "out"
      ],
      "outputs-to-install": [
        "out"
      ],
      "requested-outputs-to-install": [],
      "package-system": "aarch64-darwin",
      "system": "aarch64-darwin",
      "name": "infer-0.154.0",
      "pname": "infer",
      "version": "0.154.0",
      "description": "Command-line interface for the Inference Gateway - AI model interaction manager",
      "licenses": [
        "MIT"
      ],
      "broken": false,
      "unfree": false,
      "priority": 5
    },
    {
      "install_id": "infer",
      "locked-url": "github:inference-gateway/cli/ecfb36c957f8cdf7488b5fea7994ffb262fa80a1?narHash=sha256-YLezqMOhcgriR6sKYanEJGyuSjHX8aIMVzD9CxTCmaU%3D",
      "flake-description": "Inference Gateway CLI - infer",
      "locked-flake-attr-path": "packages.aarch64-linux.default",
      "derivation": "/nix/store/c6xm9rqrnpjp922b7gr5zdqk6j366292-infer-0.154.0.drv",
      "outputs": {
        "out": "/nix/store/w0ydkp7dr1ysj5fs70haikm3a7gp3lac-infer-0.154.0"
      },
      "output-names": [
        "out"
      ],
      "outputs-to-install": [
        "out"
      ],
      "requested-outputs-to-install": [],
      "package-system": "aarch64-linux",
      "system": "aarch64-linux",
      "name": "infer-0.154.0",
      "pname": "infer",
      "version": "0.154.0",
      "description": "Command-line interface for the Inference Gateway - AI model interaction manager",
      "licenses": [
        "MIT"
      ],
      "broken": false,
      "unfree": false,
      "priority": 5
    },
    {
      "install_id": "infer",
      "locked-url": "github:inference-gateway/cli/ecfb36c957f8cdf7488b5fea7994ffb262fa80a1?narHash=sha256-YLezqMOhcgriR6sKYanEJGyuSjHX8aIMVzD9CxTCmaU%3D",
      "flake-description": "Inference Gateway CLI - infer",
      "locked-flake-attr-path": "packages.x86_64-linux.default",
      "derivation": "/nix/store/56jn78avmlqbkl38nf1h9gimv3q3qzda-infer-0.154.0.drv",
      "outputs": {
        "out": "/nix/store/gz1zqddqxgmz7xri7zgzkqxh8wrlsrz5-infer-0.154.0"
      },
      "output-names": [
        "out"
      ],
      "outputs-to-install": [
        "out"
      ],
      "requested-outputs-to-install": [],
      "package-system": "x86_64-linux",
      "system": "x86_64-linux",
      "name": "infer-0.154.0",
      "pname": "infer",
      "version": "0.154.0",
      "description": "Command-line interface for the Inference Gateway - AI model interaction manager",
      "licenses": [
        "MIT"
      ],
      "broken": false,
      "unfree": false,
      "priority": 5
    },
    {
      "install_id": "adl",
      "locked-url": "github:inference-gateway/adl-cli/b81b4b9f8ce1796e2072d745d96b49141e7a6910?narHash=sha256-qcgP4wdHeL3M0HEMC1OWdqVOmgbPIcIj/IqhUyjsFCI%3D",
      "flake-description": "ADL CLI - Generate enterprise-ready A2A agents from YAML",
      "locked-flake-attr-path": "packages.aarch64-darwin.default",
      "derivation": "/nix/store/gaardvr637i1lpnk2zvd2ivmyh93dmfg-adl-0.62.9.drv",
      "outputs": {
        "out": "/nix/store/snncm4i3x1hjvfvg3gmk60rrj867drx8-adl-0.62.9"
      },
      "output-names": [
        "out"
      ],
      "outputs-to-install": [
        "out"
      ],
      "requested-outputs-to-install": [],
      "package-system": "aarch64-darwin",
      "system": "aarch64-darwin",
      "name": "adl-0.62.9",
      "pname": "adl",
      "version": "0.62.9",
      "description": "Generate enterprise-ready A2A agents from YAML Agent Definition Language files",
      "licenses": [
        "MIT"
      ],
      "broken": false,
      "unfree": false,
      "priority": 5
    },
    {
      "install_id": "adl",
      "locked-url": "github:inference-gateway/adl-cli/b81b4b9f8ce1796e2072d745d96b49141e7a6910?narHash=sha256-qcgP4wdHeL3M0HEMC1OWdqVOmgbPIcIj/IqhUyjsFCI%3D",
      "flake-description": "ADL CLI - Generate enterprise-ready A2A agents from YAML",
      "locked-flake-attr-path": "packages.aarch64-linux.default",
      "derivation": "/nix/store/mcdnx1s91l2blkg0r5k4vygxa3bh26sc-adl-0.62.9.drv",
      "outputs": {
        "out": "/nix/store/mksqz2fyjhkpjdl9fjgjgx2vg6i8vizn-adl-0.62.9"
      },
      "output-names": [
        "out"
      ],
      "outputs-to-install": [
        "out"
      ],
      "requested-outputs-to-install": [],
      "package-system": "aarch64-linux",
      "system": "aarch64-linux",
      "name": "adl-0.62.9",
      "pname": "adl",
      "version": "0.62.9",
      "description": "Generate enterprise-ready A2A agents from YAML Agent Definition Language files",
      "licenses": [
        "MIT"
      ],
      "broken": false,
      "unfree": false,
      "priority": 5
    },
    {
      "install_id": "adl",
      "locked-url": "github:inference-gateway/adl-cli/b81b4b9f8ce1796e2072d745d96b49141e7a6910?narHash=sha256-qcgP4wdHeL3M0HEMC1OWdqVOmgbPIcIj/IqhUyjsFCI%3D",
      "flake-description": "ADL CLI - Generate enterprise-ready A2A agents from YAML",
      "locked-flake-attr-path": "packages.x86_64-linux.default",
      "derivation": "/nix/store/hpbgpg47v9jmkgc83hi90lw8rqifp3yz-adl-0.62.9.drv",
      "outputs": {
        "out": "/nix/store/hp7jkqm6wji422b3vxc52sa537d1z0yr-adl-0.62.9"
      },
      "output-names": [
        "out"
      ],
      "outputs-to-install": [
        "out"
      ],
      "requested-outputs-to-install": [],
      "package-system": "x86_64-linux",
      "system": "x86_64-linux",
      "name": "adl-0.62.9",
      "pname": "adl",
      "version": "0.62.9",
      "description": "Generate enterprise-ready A2A agents from YAML Agent Definition Language files",
      "licenses": [
        "MIT"
      ],
      "broken": false,
      "unfree": false,
      "priority": 5
    }
  ]
}
